
Microsoft Visual Studio Solution File, Format Version 12.00
# Visual Studio Version 17
VisualStudioVersion = 17.6.33829.357
MinimumVisualStudioVersion = 10.0.40219.1
Project("{FAE04EC0-301F-11D3-BF4B-00C04F79EFBC}") = "PcTgBot", "PcTgBot\PcTgBot.csproj", "{373E67F2-6108-41E7-BC50-B2D77173F1F8}"
EndProject
Global
	GlobalSection(SolutionConfigurationPlatforms) = preSolution
		Debug|Any CPU = Debug|Any CPU
		Release|Any CPU = Release|Any CPU
	EndGlobalSection
	GlobalSection(ProjectConfigurationPlatforms) = postSolution
		{373E67F2-6108-41E7-BC50-B2D77173F1F8}.Debug|Any CPU.ActiveCfg = Debug|Any CPU
		{373E67F2-6108-41E7-BC50-B2D77173F1F8}.Debug|Any CPU.Build.0 = Debug|Any CPU
		{373E67F2-6108-41E7-BC50-B2D77173F1F8}.Release|Any CPU.ActiveCfg = Release|Any CPU
		{373E67F2-6108-41E7-BC50-B2D77173F1F8}.Release|Any CPU.Build.0 = Release|Any CPU
	EndGlobalSection
	GlobalSection(SolutionProperties) = preSolution
		HideSolutionNode = FALSE
	EndGlobalSection
	GlobalSection(ExtensibilityGlobals) = postSolution
		SolutionGuid = {CF522120-4846-4D73-A09B-93521D367049}
	EndGlobalSection
EndGlobal
